Microsoft Visual Studio Solution File, Format Version 12.00
# Visual Studio 14
Project("{8BC9CEB8-8B4A-11D0-8D11-00A0C91BC942}") = "ALL_BUILD", "ALL_BUILD.vcxproj", "{6CD82F00-4123-4CAB-8E67-3423670B8A69}"
	ProjectSection(ProjectDependencies) = postProject
		{02BED318-E39B-4F87-85CA-BEE52393BD8B} = {02BED318-E39B-4F87-85CA-BEE52393BD8B}
		{37552FF5-9879-43D4-ADCC-FE05FB73E3E1} = {37552FF5-9879-43D4-ADCC-FE05FB73E3E1}
		{1F605D0E-3B82-45AE-95EA-B92190B16A86} = {1F605D0E-3B82-45AE-95EA-B92190B16A86}
		{7AB9DA25-124F-49E1-AC90-32FED0B02638} = {7AB9DA25-124F-49E1-AC90-32FED0B02638}
	EndProjectSection
EndProject
Project("{8BC9CEB8-8B4A-11D0-8D11-00A0C91BC942}") = "INSTALL", "INSTALL.vcxproj", "{B9CED5FD-B29C-4D32-9353-A049FD63963B}"
	ProjectSection(ProjectDependencies) = postProject
		{6CD82F00-4123-4CAB-8E67-3423670B8A69} = {6CD82F00-4123-4CAB-8E67-3423670B8A69}
	EndProjectSection
EndProject
Project("{8BC9CEB8-8B4A-11D0-8D11-00A0C91BC942}") = "PACKAGE", "PACKAGE.vcxproj", "{46013D22-EF64-47AA-953C-E7A1EF97E8AD}"
	ProjectSection(ProjectDependencies) = postProject
		{6CD82F00-4123-4CAB-8E67-3423670B8A69} = {6CD82F00-4123-4CAB-8E67-3423670B8A69}
	EndProjectSection
EndProject
Project("{8BC9CEB8-8B4A-11D0-8D11-00A0C91BC942}") = "libmpi", "libmpi.vcxproj", "{02BED318-E39B-4F87-85CA-BEE52393BD8B}"
	ProjectSection(ProjectDependencies) = postProject
		{958BC6AC-8EDB-433E-B594-9513710454DF} = {958BC6AC-8EDB-433E-B594-9513710454DF}
		{379B77F1-AB71-4AC0-B706-F3518CD21913} = {379B77F1-AB71-4AC0-B706-F3518CD21913}
	EndProjectSection
EndProject
Project("{8BC9CEB8-8B4A-11D0-8D11-00A0C91BC942}") = "libmpi_cxx", "mpi\cxx\libmpi_cxx.vcxproj", "{37552FF5-9879-43D4-ADCC-FE05FB73E3E1}"
	ProjectSection(ProjectDependencies) = postProject
		{02BED318-E39B-4F87-85CA-BEE52393BD8B} = {02BED318-E39B-4F87-85CA-BEE52393BD8B}
		{958BC6AC-8EDB-433E-B594-9513710454DF} = {958BC6AC-8EDB-433E-B594-9513710454DF}
		{379B77F1-AB71-4AC0-B706-F3518CD21913} = {379B77F1-AB71-4AC0-B706-F3518CD21913}
	EndProjectSection
EndProject
Project("{8BC9CEB8-8B4A-11D0-8D11-00A0C91BC942}") = "libopen-pal", "..\opal\libopen-pal.vcxproj", "{958BC6AC-8EDB-433E-B594-9513710454DF}"
	ProjectSection(ProjectDependencies) = postProject
	EndProjectSection
EndProject
Project("{8BC9CEB8-8B4A-11D0-8D11-00A0C91BC942}") = "libopen-rte", "..\orte\libopen-rte.vcxproj", "{379B77F1-AB71-4AC0-B706-F3518CD21913}"
	ProjectSection(ProjectDependencies) = postProject
		{958BC6AC-8EDB-433E-B594-9513710454DF} = {958BC6AC-8EDB-433E-B594-9513710454DF}
	EndProjectSection
EndProject
Project("{8BC9CEB8-8B4A-11D0-8D11-00A0C91BC942}") = "ompi-server", "tools\ompi-server\ompi-server.vcxproj", "{1F605D0E-3B82-45AE-95EA-B92190B16A86}"
	ProjectSection(ProjectDependencies) = postProject
		{02BED318-E39B-4F87-85CA-BEE52393BD8B} = {02BED318-E39B-4F87-85CA-BEE52393BD8B}
		{958BC6AC-8EDB-433E-B594-9513710454DF} = {958BC6AC-8EDB-433E-B594-9513710454DF}
		{379B77F1-AB71-4AC0-B706-F3518CD21913} = {379B77F1-AB71-4AC0-B706-F3518CD21913}
	EndProjectSection
EndProject
Project("{8BC9CEB8-8B4A-11D0-8D11-00A0C91BC942}") = "ompi_info", "tools\ompi_info\ompi_info.vcxproj", "{7AB9DA25-124F-49E1-AC90-32FED0B02638}"
	ProjectSection(ProjectDependencies) = postProject
		{02BED318-E39B-4F87-85CA-BEE52393BD8B} = {02BED318-E39B-4F87-85CA-BEE52393BD8B}
		{958BC6AC-8EDB-433E-B594-9513710454DF} = {958BC6AC-8EDB-433E-B594-9513710454DF}
		{379B77F1-AB71-4AC0-B706-F3518CD21913} = {379B77F1-AB71-4AC0-B706-F3518CD21913}
	EndProjectSection
EndProject
Global
	GlobalSection(SolutionConfigurationPlatforms) = preSolution
		Debug|Win32 = Debug|Win32
		Release|Win32 = Release|Win32
		MinSizeRel|Win32 = MinSizeRel|Win32
		RelWithDebInfo|Win32 = RelWithDebInfo|Win32
	EndGlobalSection
	GlobalSection(ProjectConfigurationPlatforms) = postSolution
		{6CD82F00-4123-4CAB-8E67-3423670B8A69}.Debug|Win32.ActiveCfg = Debug|Win32
		{6CD82F00-4123-4CAB-8E67-3423670B8A69}.Debug|Win32.Build.0 = Debug|Win32
		{6CD82F00-4123-4CAB-8E67-3423670B8A69}.Release|Win32.ActiveCfg = Release|Win32
		{6CD82F00-4123-4CAB-8E67-3423670B8A69}.Release|Win32.Build.0 = Release|Win32
		{6CD82F00-4123-4CAB-8E67-3423670B8A69}.MinSizeRel|Win32.ActiveCfg = MinSizeRel|Win32
		{6CD82F00-4123-4CAB-8E67-3423670B8A69}.MinSizeRel|Win32.Build.0 = MinSizeRel|Win32
		{6CD82F00-4123-4CAB-8E67-3423670B8A69}.RelWithDebInfo|Win32.ActiveCfg = RelWithDebInfo|Win32
		{6CD82F00-4123-4CAB-8E67-3423670B8A69}.RelWithDebInfo|Win32.Build.0 = RelWithDebInfo|Win32
		{B9CED5FD-B29C-4D32-9353-A049FD63963B}.Debug|Win32.ActiveCfg = Debug|Win32
		{B9CED5FD-B29C-4D32-9353-A049FD63963B}.Release|Win32.ActiveCfg = Release|Win32
		{B9CED5FD-B29C-4D32-9353-A049FD63963B}.MinSizeRel|Win32.ActiveCfg = MinSizeRel|Win32
		{B9CED5FD-B29C-4D32-9353-A049FD63963B}.RelWithDebInfo|Win32.ActiveCfg = RelWithDebInfo|Win32
		{46013D22-EF64-47AA-953C-E7A1EF97E8AD}.Debug|Win32.ActiveCfg = Debug|Win32
		{46013D22-EF64-47AA-953C-E7A1EF97E8AD}.Release|Win32.ActiveCfg = Release|Win32
		{46013D22-EF64-47AA-953C-E7A1EF97E8AD}.MinSizeRel|Win32.ActiveCfg = MinSizeRel|Win32
		{46013D22-EF64-47AA-953C-E7A1EF97E8AD}.RelWithDebInfo|Win32.ActiveCfg = RelWithDebInfo|Win32
		{02BED318-E39B-4F87-85CA-BEE52393BD8B}.Debug|Win32.ActiveCfg = Debug|Win32
		{02BED318-E39B-4F87-85CA-BEE52393BD8B}.Debug|Win32.Build.0 = Debug|Win32
		{02BED318-E39B-4F87-85CA-BEE52393BD8B}.Release|Win32.ActiveCfg = Release|Win32
		{02BED318-E39B-4F87-85CA-BEE52393BD8B}.Release|Win32.Build.0 = Release|Win32
		{02BED318-E39B-4F87-85CA-BEE52393BD8B}.MinSizeRel|Win32.ActiveCfg = MinSizeRel|Win32
		{02BED318-E39B-4F87-85CA-BEE52393BD8B}.MinSizeRel|Win32.Build.0 = MinSizeRel|Win32
		{02BED318-E39B-4F87-85CA-BEE52393BD8B}.RelWithDebInfo|Win32.ActiveCfg = RelWithDebInfo|Win32
		{02BED318-E39B-4F87-85CA-BEE52393BD8B}.RelWithDebInfo|Win32.Build.0 = RelWithDebInfo|Win32
		{37552FF5-9879-43D4-ADCC-FE05FB73E3E1}.Debug|Win32.ActiveCfg = Debug|Win32
		{37552FF5-9879-43D4-ADCC-FE05FB73E3E1}.Debug|Win32.Build.0 = Debug|Win32
		{37552FF5-9879-43D4-ADCC-FE05FB73E3E1}.Release|Win32.ActiveCfg = Release|Win32
		{37552FF5-9879-43D4-ADCC-FE05FB73E3E1}.Release|Win32.Build.0 = Release|Win32
		{37552FF5-9879-43D4-ADCC-FE05FB73E3E1}.MinSizeRel|Win32.ActiveCfg = MinSizeRel|Win32
		{37552FF5-9879-43D4-ADCC-FE05FB73E3E1}.MinSizeRel|Win32.Build.0 = MinSizeRel|Win32
		{37552FF5-9879-43D4-ADCC-FE05FB73E3E1}.RelWithDebInfo|Win32.ActiveCfg = RelWithDebInfo|Win32
		{37552FF5-9879-43D4-ADCC-FE05FB73E3E1}.RelWithDebInfo|Win32.Build.0 = RelWithDebInfo|Win32
		{958BC6AC-8EDB-433E-B594-9513710454DF}.Debug|Win32.ActiveCfg = Debug|Win32
		{958BC6AC-8EDB-433E-B594-9513710454DF}.Debug|Win32.Build.0 = Debug|Win32
		{958BC6AC-8EDB-433E-B594-9513710454DF}.Release|Win32.ActiveCfg = Release|Win32
		{958BC6AC-8EDB-433E-B594-9513710454DF}.Release|Win32.Build.0 = Release|Win32
		{958BC6AC-8EDB-433E-B594-9513710454DF}.MinSizeRel|Win32.ActiveCfg = MinSizeRel|Win32
		{958BC6AC-8EDB-433E-B594-9513710454DF}.MinSizeRel|Win32.Build.0 = MinSizeRel|Win32
		{958BC6AC-8EDB-433E-B594-9513710454DF}.RelWithDebInfo|Win32.ActiveCfg = RelWithDebInfo|Win32
		{958BC6AC-8EDB-433E-B594-9513710454DF}.RelWithDebInfo|Win32.Build.0 = RelWithDebInfo|Win32
		{379B77F1-AB71-4AC0-B706-F3518CD21913}.Debug|Win32.ActiveCfg = Debug|Win32
		{379B77F1-AB71-4AC0-B706-F3518CD21913}.Debug|Win32.Build.0 = Debug|Win32
		{379B77F1-AB71-4AC0-B706-F3518CD21913}.Release|Win32.ActiveCfg = Release|Win32
		{379B77F1-AB71-4AC0-B706-F3518CD21913}.Release|Win32.Build.0 = Release|Win32
		{379B77F1-AB71-4AC0-B706-F3518CD21913}.MinSizeRel|Win32.ActiveCfg = MinSizeRel|Win32
		{379B77F1-AB71-4AC0-B706-F3518CD21913}.MinSizeRel|Win32.Build.0 = MinSizeRel|Win32
		{379B77F1-AB71-4AC0-B706-F3518CD21913}.RelWithDebInfo|Win32.ActiveCfg = RelWithDebInfo|Win32
		{379B77F1-AB71-4AC0-B706-F3518CD21913}.RelWithDebInfo|Win32.Build.0 = RelWithDebInfo|Win32
		{1F605D0E-3B82-45AE-95EA-B92190B16A86}.Debug|Win32.ActiveCfg = Debug|Win32
		{1F605D0E-3B82-45AE-95EA-B92190B16A86}.Debug|Win32.Build.0 = Debug|Win32
		{1F605D0E-3B82-45AE-95EA-B92190B16A86}.Release|Win32.ActiveCfg = Release|Win32
		{1F605D0E-3B82-45AE-95EA-B92190B16A86}.Release|Win32.Build.0 = Release|Win32
		{1F605D0E-3B82-45AE-95EA-B92190B16A86}.MinSizeRel|Win32.ActiveCfg = MinSizeRel|Win32
		{1F605D0E-3B82-45AE-95EA-B92190B16A86}.MinSizeRel|Win32.Build.0 = MinSizeRel|Win32
		{1F605D0E-3B82-45AE-95EA-B92190B16A86}.RelWithDebInfo|Win32.ActiveCfg = RelWithDebInfo|Win32
		{1F605D0E-3B82-45AE-95EA-B92190B16A86}.RelWithDebInfo|Win32.Build.0 = RelWithDebInfo|Win32
		{7AB9DA25-124F-49E1-AC90-32FED0B02638}.Debug|Win32.ActiveCfg = Debug|Win32
		{7AB9DA25-124F-49E1-AC90-32FED0B02638}.Debug|Win32.Build.0 = Debug|Win32
		{7AB9DA25-124F-49E1-AC90-32FED0B02638}.Release|Win32.ActiveCfg = Release|Win32
		{7AB9DA25-124F-49E1-AC90-32FED0B02638}.Release|Win32.Build.0 = Release|Win32
		{7AB9DA25-124F-49E1-AC90-32FED0B02638}.MinSizeRel|Win32.ActiveCfg = MinSizeRel|Win32
		{7AB9DA25-124F-49E1-AC90-32FED0B02638}.MinSizeRel|Win32.Build.0 = MinSizeRel|Win32
		{7AB9DA25-124F-49E1-AC90-32FED0B02638}.RelWithDebInfo|Win32.ActiveCfg = RelWithDebInfo|Win32
		{7AB9DA25-124F-49E1-AC90-32FED0B02638}.RelWithDebInfo|Win32.Build.0 = RelWithDebInfo|Win32
	EndGlobalSection
	GlobalSection(ExtensibilityGlobals) = postSolution
	EndGlobalSection
	GlobalSection(ExtensibilityAddIns) = postSolution
	EndGlobalSection
EndGlobal
