Microsoft Visual Studio Solution File, Format Version 12.00
# Visual Studio 14
Project("{8BC9CEB8-8B4A-11D0-8D11-00A0C91BC942}") = "ALL_BUILD", "ALL_BUILD.vcxproj", "{6CD82F00-4123-4CAB-8E67-3423670B8A69}"
	ProjectSection(ProjectDependencies) = postProject
		{379B77F1-AB71-4AC0-B706-F3518CD21913} = {379B77F1-AB71-4AC0-B706-F3518CD21913}
		{A531D3E4-EC4C-4EFC-B58D-69040322DA46} = {A531D3E4-EC4C-4EFC-B58D-69040322DA46}
		{1A1C8493-7436-42CA-B3BE-AB86A5C82716} = {1A1C8493-7436-42CA-B3BE-AB86A5C82716}
		{4709CC39-D5B6-41BA-AB04-BA4FA7D52213} = {4709CC39-D5B6-41BA-AB04-BA4FA7D52213}
		{132E3CC8-CC1E-472A-8493-DF625CE2A8F9} = {132E3CC8-CC1E-472A-8493-DF625CE2A8F9}
		{B22FD54B-30BC-4329-96D5-6B349126CAE0} = {B22FD54B-30BC-4329-96D5-6B349126CAE0}
	EndProjectSection
EndProject
Project("{8BC9CEB8-8B4A-11D0-8D11-00A0C91BC942}") = "INSTALL", "INSTALL.vcxproj", "{B9CED5FD-B29C-4D32-9353-A049FD63963B}"
	ProjectSection(ProjectDependencies) = postProject
		{6CD82F00-4123-4CAB-8E67-3423670B8A69} = {6CD82F00-4123-4CAB-8E67-3423670B8A69}
	EndProjectSection
EndProject
Project("{8BC9CEB8-8B4A-11D0-8D11-00A0C91BC942}") = "PACKAGE", "PACKAGE.vcxproj", "{46013D22-EF64-47AA-953C-E7A1EF97E8AD}"
	ProjectSection(ProjectDependencies) = postProject
		{6CD82F00-4123-4CAB-8E67-3423670B8A69} = {6CD82F00-4123-4CAB-8E67-3423670B8A69}
	EndProjectSection
EndProject
Project("{8BC9CEB8-8B4A-11D0-8D11-00A0C91BC942}") = "libopen-pal", "..\opal\libopen-pal.vcxproj", "{958BC6AC-8EDB-433E-B594-9513710454DF}"
	ProjectSection(ProjectDependencies) = postProject
	EndProjectSection
EndProject
Project("{8BC9CEB8-8B4A-11D0-8D11-00A0C91BC942}") = "libopen-rte", "libopen-rte.vcxproj", "{379B77F1-AB71-4AC0-B706-F3518CD21913}"
	ProjectSection(ProjectDependencies) = postProject
		{958BC6AC-8EDB-433E-B594-9513710454DF} = {958BC6AC-8EDB-433E-B594-9513710454DF}
	EndProjectSection
EndProject
Project("{8BC9CEB8-8B4A-11D0-8D11-00A0C91BC942}") = "orte-checkpoint", "tools\orte-checkpoint\orte-checkpoint.vcxproj", "{A531D3E4-EC4C-4EFC-B58D-69040322DA46}"
	ProjectSection(ProjectDependencies) = postProject
		{958BC6AC-8EDB-433E-B594-9513710454DF} = {958BC6AC-8EDB-433E-B594-9513710454DF}
		{379B77F1-AB71-4AC0-B706-F3518CD21913} = {379B77F1-AB71-4AC0-B706-F3518CD21913}
	EndProjectSection
EndProject
Project("{8BC9CEB8-8B4A-11D0-8D11-00A0C91BC942}") = "orte-clean", "tools\orte-clean\orte-clean.vcxproj", "{1A1C8493-7436-42CA-B3BE-AB86A5C82716}"
	ProjectSection(ProjectDependencies) = postProject
		{958BC6AC-8EDB-433E-B594-9513710454DF} = {958BC6AC-8EDB-433E-B594-9513710454DF}
		{379B77F1-AB71-4AC0-B706-F3518CD21913} = {379B77F1-AB71-4AC0-B706-F3518CD21913}
	EndProjectSection
EndProject
Project("{8BC9CEB8-8B4A-11D0-8D11-00A0C91BC942}") = "orte-ps", "tools\orte-ps\orte-ps.vcxproj", "{4709CC39-D5B6-41BA-AB04-BA4FA7D52213}"
	ProjectSection(ProjectDependencies) = postProject
		{958BC6AC-8EDB-433E-B594-9513710454DF} = {958BC6AC-8EDB-433E-B594-9513710454DF}
		{379B77F1-AB71-4AC0-B706-F3518CD21913} = {379B77F1-AB71-4AC0-B706-F3518CD21913}
	EndProjectSection
EndProject
Project("{8BC9CEB8-8B4A-11D0-8D11-00A0C91BC942}") = "orted", "tools\orted\orted.vcxproj", "{132E3CC8-CC1E-472A-8493-DF625CE2A8F9}"
	ProjectSection(ProjectDependencies) = postProject
		{958BC6AC-8EDB-433E-B594-9513710454DF} = {958BC6AC-8EDB-433E-B594-9513710454DF}
		{379B77F1-AB71-4AC0-B706-F3518CD21913} = {379B77F1-AB71-4AC0-B706-F3518CD21913}
	EndProjectSection
EndProject
Project("{8BC9CEB8-8B4A-11D0-8D11-00A0C91BC942}") = "orterun", "tools\orterun\orterun.vcxproj", "{B22FD54B-30BC-4329-96D5-6B349126CAE0}"
	ProjectSection(ProjectDependencies) = postProject
		{958BC6AC-8EDB-433E-B594-9513710454DF} = {958BC6AC-8EDB-433E-B594-9513710454DF}
		{379B77F1-AB71-4AC0-B706-F3518CD21913} = {379B77F1-AB71-4AC0-B706-F3518CD21913}
	EndProjectSection
EndProject
Global
	GlobalSection(SolutionConfigurationPlatforms) = preSolution
		Debug|Win32 = Debug|Win32
		Release|Win32 = Release|Win32
		MinSizeRel|Win32 = MinSizeRel|Win32
		RelWithDebInfo|Win32 = RelWithDebInfo|Win32
	EndGlobalSection
	GlobalSection(ProjectConfigurationPlatforms) = postSolution
		{6CD82F00-4123-4CAB-8E67-3423670B8A69}.Debug|Win32.ActiveCfg = Debug|Win32
		{6CD82F00-4123-4CAB-8E67-3423670B8A69}.Debug|Win32.Build.0 = Debug|Win32
		{6CD82F00-4123-4CAB-8E67-3423670B8A69}.Release|Win32.ActiveCfg = Release|Win32
		{6CD82F00-4123-4CAB-8E67-3423670B8A69}.Release|Win32.Build.0 = Release|Win32
		{6CD82F00-4123-4CAB-8E67-3423670B8A69}.MinSizeRel|Win32.ActiveCfg = MinSizeRel|Win32
		{6CD82F00-4123-4CAB-8E67-3423670B8A69}.MinSizeRel|Win32.Build.0 = MinSizeRel|Win32
		{6CD82F00-4123-4CAB-8E67-3423670B8A69}.RelWithDebInfo|Win32.ActiveCfg = RelWithDebInfo|Win32
		{6CD82F00-4123-4CAB-8E67-3423670B8A69}.RelWithDebInfo|Win32.Build.0 = RelWithDebInfo|Win32
		{B9CED5FD-B29C-4D32-9353-A049FD63963B}.Debug|Win32.ActiveCfg = Debug|Win32
		{B9CED5FD-B29C-4D32-9353-A049FD63963B}.Release|Win32.ActiveCfg = Release|Win32
		{B9CED5FD-B29C-4D32-9353-A049FD63963B}.MinSizeRel|Win32.ActiveCfg = MinSizeRel|Win32
		{B9CED5FD-B29C-4D32-9353-A049FD63963B}.RelWithDebInfo|Win32.ActiveCfg = RelWithDebInfo|Win32
		{46013D22-EF64-47AA-953C-E7A1EF97E8AD}.Debug|Win32.ActiveCfg = Debug|Win32
		{46013D22-EF64-47AA-953C-E7A1EF97E8AD}.Release|Win32.ActiveCfg = Release|Win32
		{46013D22-EF64-47AA-953C-E7A1EF97E8AD}.MinSizeRel|Win32.ActiveCfg = MinSizeRel|Win32
		{46013D22-EF64-47AA-953C-E7A1EF97E8AD}.RelWithDebInfo|Win32.ActiveCfg = RelWithDebInfo|Win32
		{958BC6AC-8EDB-433E-B594-9513710454DF}.Debug|Win32.ActiveCfg = Debug|Win32
		{958BC6AC-8EDB-433E-B594-9513710454DF}.Debug|Win32.Build.0 = Debug|Win32
		{958BC6AC-8EDB-433E-B594-9513710454DF}.Release|Win32.ActiveCfg = Release|Win32
		{958BC6AC-8EDB-433E-B594-9513710454DF}.Release|Win32.Build.0 = Release|Win32
		{958BC6AC-8EDB-433E-B594-9513710454DF}.MinSizeRel|Win32.ActiveCfg = MinSizeRel|Win32
		{958BC6AC-8EDB-433E-B594-9513710454DF}.MinSizeRel|Win32.Build.0 = MinSizeRel|Win32
		{958BC6AC-8EDB-433E-B594-9513710454DF}.RelWithDebInfo|Win32.ActiveCfg = RelWithDebInfo|Win32
		{958BC6AC-8EDB-433E-B594-9513710454DF}.RelWithDebInfo|Win32.Build.0 = RelWithDebInfo|Win32
		{379B77F1-AB71-4AC0-B706-F3518CD21913}.Debug|Win32.ActiveCfg = Debug|Win32
		{379B77F1-AB71-4AC0-B706-F3518CD21913}.Debug|Win32.Build.0 = Debug|Win32
		{379B77F1-AB71-4AC0-B706-F3518CD21913}.Release|Win32.ActiveCfg = Release|Win32
		{379B77F1-AB71-4AC0-B706-F3518CD21913}.Release|Win32.Build.0 = Release|Win32
		{379B77F1-AB71-4AC0-B706-F3518CD21913}.MinSizeRel|Win32.ActiveCfg = MinSizeRel|Win32
		{379B77F1-AB71-4AC0-B706-F3518CD21913}.MinSizeRel|Win32.Build.0 = MinSizeRel|Win32
		{379B77F1-AB71-4AC0-B706-F3518CD21913}.RelWithDebInfo|Win32.ActiveCfg = RelWithDebInfo|Win32
		{379B77F1-AB71-4AC0-B706-F3518CD21913}.RelWithDebInfo|Win32.Build.0 = RelWithDebInfo|Win32
		{A531D3E4-EC4C-4EFC-B58D-69040322DA46}.Debug|Win32.ActiveCfg = Debug|Win32
		{A531D3E4-EC4C-4EFC-B58D-69040322DA46}.Debug|Win32.Build.0 = Debug|Win32
		{A531D3E4-EC4C-4EFC-B58D-69040322DA46}.Release|Win32.ActiveCfg = Release|Win32
		{A531D3E4-EC4C-4EFC-B58D-69040322DA46}.Release|Win32.Build.0 = Release|Win32
		{A531D3E4-EC4C-4EFC-B58D-69040322DA46}.MinSizeRel|Win32.ActiveCfg = MinSizeRel|Win32
		{A531D3E4-EC4C-4EFC-B58D-69040322DA46}.MinSizeRel|Win32.Build.0 = MinSizeRel|Win32
		{A531D3E4-EC4C-4EFC-B58D-69040322DA46}.RelWithDebInfo|Win32.ActiveCfg = RelWithDebInfo|Win32
		{A531D3E4-EC4C-4EFC-B58D-69040322DA46}.RelWithDebInfo|Win32.Build.0 = RelWithDebInfo|Win32
		{1A1C8493-7436-42CA-B3BE-AB86A5C82716}.Debug|Win32.ActiveCfg = Debug|Win32
		{1A1C8493-7436-42CA-B3BE-AB86A5C82716}.Debug|Win32.Build.0 = Debug|Win32
		{1A1C8493-7436-42CA-B3BE-AB86A5C82716}.Release|Win32.ActiveCfg = Release|Win32
		{1A1C8493-7436-42CA-B3BE-AB86A5C82716}.Release|Win32.Build.0 = Release|Win32
		{1A1C8493-7436-42CA-B3BE-AB86A5C82716}.MinSizeRel|Win32.ActiveCfg = MinSizeRel|Win32
		{1A1C8493-7436-42CA-B3BE-AB86A5C82716}.MinSizeRel|Win32.Build.0 = MinSizeRel|Win32
		{1A1C8493-7436-42CA-B3BE-AB86A5C82716}.RelWithDebInfo|Win32.ActiveCfg = RelWithDebInfo|Win32
		{1A1C8493-7436-42CA-B3BE-AB86A5C82716}.RelWithDebInfo|Win32.Build.0 = RelWithDebInfo|Win32
		{4709CC39-D5B6-41BA-AB04-BA4FA7D52213}.Debug|Win32.ActiveCfg = Debug|Win32
		{4709CC39-D5B6-41BA-AB04-BA4FA7D52213}.Debug|Win32.Build.0 = Debug|Win32
		{4709CC39-D5B6-41BA-AB04-BA4FA7D52213}.Release|Win32.ActiveCfg = Release|Win32
		{4709CC39-D5B6-41BA-AB04-BA4FA7D52213}.Release|Win32.Build.0 = Release|Win32
		{4709CC39-D5B6-41BA-AB04-BA4FA7D52213}.MinSizeRel|Win32.ActiveCfg = MinSizeRel|Win32
		{4709CC39-D5B6-41BA-AB04-BA4FA7D52213}.MinSizeRel|Win32.Build.0 = MinSizeRel|Win32
		{4709CC39-D5B6-41BA-AB04-BA4FA7D52213}.RelWithDebInfo|Win32.ActiveCfg = RelWithDebInfo|Win32
		{4709CC39-D5B6-41BA-AB04-BA4FA7D52213}.RelWithDebInfo|Win32.Build.0 = RelWithDebInfo|Win32
		{132E3CC8-CC1E-472A-8493-DF625CE2A8F9}.Debug|Win32.ActiveCfg = Debug|Win32
		{132E3CC8-CC1E-472A-8493-DF625CE2A8F9}.Debug|Win32.Build.0 = Debug|Win32
		{132E3CC8-CC1E-472A-8493-DF625CE2A8F9}.Release|Win32.ActiveCfg = Release|Win32
		{132E3CC8-CC1E-472A-8493-DF625CE2A8F9}.Release|Win32.Build.0 = Release|Win32
		{132E3CC8-CC1E-472A-8493-DF625CE2A8F9}.MinSizeRel|Win32.ActiveCfg = MinSizeRel|Win32
		{132E3CC8-CC1E-472A-8493-DF625CE2A8F9}.MinSizeRel|Win32.Build.0 = MinSizeRel|Win32
		{132E3CC8-CC1E-472A-8493-DF625CE2A8F9}.RelWithDebInfo|Win32.ActiveCfg = RelWithDebInfo|Win32
		{132E3CC8-CC1E-472A-8493-DF625CE2A8F9}.RelWithDebInfo|Win32.Build.0 = RelWithDebInfo|Win32
		{B22FD54B-30BC-4329-96D5-6B349126CAE0}.Debug|Win32.ActiveCfg = Debug|Win32
		{B22FD54B-30BC-4329-96D5-6B349126CAE0}.Debug|Win32.Build.0 = Debug|Win32
		{B22FD54B-30BC-4329-96D5-6B349126CAE0}.Release|Win32.ActiveCfg = Release|Win32
		{B22FD54B-30BC-4329-96D5-6B349126CAE0}.Release|Win32.Build.0 = Release|Win32
		{B22FD54B-30BC-4329-96D5-6B349126CAE0}.MinSizeRel|Win32.ActiveCfg = MinSizeRel|Win32
		{B22FD54B-30BC-4329-96D5-6B349126CAE0}.MinSizeRel|Win32.Build.0 = MinSizeRel|Win32
		{B22FD54B-30BC-4329-96D5-6B349126CAE0}.RelWithDebInfo|Win32.ActiveCfg = RelWithDebInfo|Win32
		{B22FD54B-30BC-4329-96D5-6B349126CAE0}.RelWithDebInfo|Win32.Build.0 = RelWithDebInfo|Win32
	EndGlobalSection
	GlobalSection(ExtensibilityGlobals) = postSolution
	EndGlobalSection
	GlobalSection(ExtensibilityAddIns) = postSolution
	EndGlobalSection
EndGlobal
